
Microsoft Visual Studio Solution File, Format Version 12.00
# Visual Studio 2013
VisualStudioVersion = 12.0.30723.0
MinimumVisualStudioVersion = 10.0.40219.1
Project("{FAE04EC0-301F-11D3-BF4B-00C04F79EFBC}") = "ndm2video", "ndm2video\ndm2video.csproj", "{9A531AEB-00F2-4BB6-A29B-E00337AD0723}"
EndProject
Project("{FAE04EC0-301F-11D3-BF4B-00C04F79EFBC}") = "ndmscheduler", "ndmscheduler\ndmscheduler.csproj", "{22520122-FA99-47EF-BAC7-6ADBD70E7370}"
EndProject
Project("{FAE04EC0-301F-11D3-BF4B-00C04F79EFBC}") = "ndmuploader", "ndmuploader\ndmuploader.csproj", "{E00F8569-3B5E-4F4E-9676-75B6E47E3EFD}"
EndProject
Project("{FAE04EC0-301F-11D3-BF4B-00C04F79EFBC}") = "Helper", "helper\Helper.csproj", "{E3350C49-A851-41CE-9BDB-2D2F082C7A18}"
EndProject
Global
	GlobalSection(SolutionConfigurationPlatforms) = preSolution
		Debug|Any CPU = Debug|Any CPU
		Release|Any CPU = Release|Any CPU
	EndGlobalSection
	GlobalSection(ProjectConfigurationPlatforms) = postSolution
		{9A531AEB-00F2-4BB6-A29B-E00337AD0723}.Debug|Any CPU.ActiveCfg = Debug|Any CPU
		{9A531AEB-00F2-4BB6-A29B-E00337AD0723}.Debug|Any CPU.Build.0 = Debug|Any CPU
		{9A531AEB-00F2-4BB6-A29B-E00337AD0723}.Release|Any CPU.ActiveCfg = Release|Any CPU
		{9A531AEB-00F2-4BB6-A29B-E00337AD0723}.Release|Any CPU.Build.0 = Release|Any CPU
		{22520122-FA99-47EF-BAC7-6ADBD70E7370}.Debug|Any CPU.ActiveCfg = Debug|Any CPU
		{22520122-FA99-47EF-BAC7-6ADBD70E7370}.Debug|Any CPU.Build.0 = Debug|Any CPU
		{22520122-FA99-47EF-BAC7-6ADBD70E7370}.Release|Any CPU.ActiveCfg = Release|Any CPU
		{22520122-FA99-47EF-BAC7-6ADBD70E7370}.Release|Any CPU.Build.0 = Release|Any CPU
		{E00F8569-3B5E-4F4E-9676-75B6E47E3EFD}.Debug|Any CPU.ActiveCfg = Debug|Any CPU
		{E00F8569-3B5E-4F4E-9676-75B6E47E3EFD}.Debug|Any CPU.Build.0 = Debug|Any CPU
		{E00F8569-3B5E-4F4E-9676-75B6E47E3EFD}.Release|Any CPU.ActiveCfg = Release|Any CPU
		{E00F8569-3B5E-4F4E-9676-75B6E47E3EFD}.Release|Any CPU.Build.0 = Release|Any CPU
		{E3350C49-A851-41CE-9BDB-2D2F082C7A18}.Debug|Any CPU.ActiveCfg = Debug|Any CPU
		{E3350C49-A851-41CE-9BDB-2D2F082C7A18}.Debug|Any CPU.Build.0 = Debug|Any CPU
		{E3350C49-A851-41CE-9BDB-2D2F082C7A18}.Release|Any CPU.ActiveCfg = Release|Any CPU
		{E3350C49-A851-41CE-9BDB-2D2F082C7A18}.Release|Any CPU.Build.0 = Release|Any CPU
	EndGlobalSection
	GlobalSection(SolutionProperties) = preSolution
		HideSolutionNode = FALSE
	EndGlobalSection
EndGlobal
